
Microsoft Visual Studio Solution File, Format Version 12.00
# Visual Studio Version 16
VisualStudioVersion = 16.0.29411.108
MinimumVisualStudioVersion = 10.0.40219.1
Project("{FAE04EC0-301F-11D3-BF4B-00C04F79EFBC}") = "NotpadApp", "NotpadApp\NotpadApp.csproj", "{0800687A-4692-452B-98A5-6FB69B3150B9}"
EndProject
Global
	GlobalSection(SolutionConfigurationPlatforms) = preSolution
		Debug|Any CPU = Debug|Any CPU
		Release|Any CPU = Release|Any CPU
	EndGlobalSection
	GlobalSection(ProjectConfigurationPlatforms) = postSolution
		{0800687A-4692-452B-98A5-6FB69B3150B9}.Debug|Any CPU.ActiveCfg = Debug|Any CPU
		{0800687A-4692-452B-98A5-6FB69B3150B9}.Debug|Any CPU.Build.0 = Debug|Any CPU
		{0800687A-4692-452B-98A5-6FB69B3150B9}.Release|Any CPU.ActiveCfg = Release|Any CPU
		{0800687A-4692-452B-98A5-6FB69B3150B9}.Release|Any CPU.Build.0 = Release|Any CPU
	EndGlobalSection
	GlobalSection(SolutionProperties) = preSolution
		HideSolutionNode = FALSE
	EndGlobalSection
	GlobalSection(ExtensibilityGlobals) = postSolution
		SolutionGuid = {3C0BF73C-90E9-4661-A09A-58BBF8D8DDB9}
	EndGlobalSection
EndGlobal
